{
  "name": "matchday-mesh",
  "version": "0.1.0",
  "lockfileVersion": 3,
  "requires": true,
  "packages": {
    "": {
      "name": "matchday-mesh",
      "version": "0.1.0",
      "license": "MIT",
      "dependencies": {
        "b4a": "^1.8.0",
        "corestore": "^6.18.4",
        "hyperbee": "^2.27.3",
        "pear-bridge": "^1.2.5",
        "pear-electron": "^1.7.28"
      },
      "devDependencies": {}
    },
    "node_modules/@hyperswarm/secret-stream": {
      "version": "6.9.1",
      "license": "Apache-2.0",
      "dependencies": {
        "b4a": "^1.1.0",
        "hypercore-crypto": "^3.3.1",
        "noise-curve-ed": "^2.0.1",
        "noise-handshake": "^4.0.0",
        "sodium-secretstream": "^1.1.0",
        "sodium-universal": "^5.0.0",
        "streamx": "^2.14.0",
        "timeout-refresh": "^2.0.0",
        "unslab": "^1.3.0"
      }
    },
    "node_modules/@hyperswarm/secret-stream/node_modules/sodium-native": {
      "version": "5.1.0",
      "license": "MIT",
      "dependencies": {
        "bare-assert": "^1.2.0",
        "require-addon": "^1.1.0",
        "which-runtime": "^1.2.1"
      },
      "engines": {
        "bare": ">=1.16.0"
      }
    },
    "node_modules/@hyperswarm/secret-stream/node_modules/sodium-universal": {
      "version": "5.0.1",
      "license": "MIT",
      "dependencies": {
        "sodium-native": "^5.0.1"
      },
      "peerDependencies": {
        "sodium-javascript": "~0.8.0"
      },
      "peerDependenciesMeta": {
        "sodium-javascript": {
          "optional": true
        }
      }
    },
    "node_modules/acorn": {
      "version": "8.17.0",
      "license": "MIT",
      "bin": {
        "acorn": "bin/acorn"
      },
      "engines": {
        "node": ">=0.4.0"
      }
    },
    "node_modules/b4a": {
      "version": "1.8.0",
      "license": "Apache-2.0",
      "peerDependencies": {
        "react-native-b4a": "*"
      },
      "peerDependenciesMeta": {
        "react-native-b4a": {
          "optional": true
        }
      }
    },
    "node_modules/bare-addon-resolve": {
      "version": "1.10.0",
      "license": "Apache-2.0",
      "dependencies": {
        "bare-module-resolve": "^1.10.0",
        "bare-semver": "^1.0.0"
      },
      "peerDependencies": {
        "bare-url": "*"
      },
      "peerDependenciesMeta": {
        "bare-url": {
          "optional": true
        }
      }
    },
    "node_modules/bare-ansi-escapes": {
      "version": "2.2.3",
      "license": "Apache-2.0",
      "dependencies": {
        "bare-stream": "^2.6.5"
      },
      "peerDependencies": {
        "bare-buffer": "*"
      },
      "peerDependenciesMeta": {
        "bare-buffer": {
          "optional": true
        }
      }
    },
    "node_modules/bare-assert": {
      "version": "1.2.0",
      "license": "Apache-2.0",
      "dependencies": {
        "bare-inspect": "^3.1.2"
      }
    },
    "node_modules/bare-daemon": {
      "version": "1.2.4",
      "license": "Apache-2.0",
      "dependencies": {
        "bare-env": "^3.0.0",
        "bare-os": "^3.6.2",
        "require-addon": "^1.1.0"
      }
    },
    "node_modules/bare-dns": {
      "version": "2.1.4",
      "license": "Apache-2.0",
      "engines": {
        "bare": ">=1.7.0"
      }
    },
    "node_modules/bare-env": {
      "version": "3.0.0",
      "license": "Apache-2.0",
      "dependencies": {
        "bare-os": "^3.0.1"
      }
    },
    "node_modules/bare-events": {
      "version": "2.8.2",
      "license": "Apache-2.0",
      "peerDependencies": {
        "bare-abort-controller": "*"
      },
      "peerDependenciesMeta": {
        "bare-abort-controller": {
          "optional": true
        }
      }
    },
    "node_modules/bare-format": {
      "version": "1.0.2",
      "license": "Apache-2.0",
      "dependencies": {
        "bare-inspect": "^3.0.0"
      }
    },
    "node_modules/bare-fs": {
      "version": "4.7.1",
      "license": "Apache-2.0",
      "dependencies": {
        "bare-events": "^2.5.4",
        "bare-path": "^3.0.0",
        "bare-stream": "^2.6.4",
        "bare-url": "^2.2.2",
        "fast-fifo": "^1.3.2"
      },
      "engines": {
        "bare": ">=1.16.0"
      },
      "peerDependencies": {
        "bare-buffer": "*"
      },
      "peerDependenciesMeta": {
        "bare-buffer": {
          "optional": true
        }
      }
    },
    "node_modules/bare-hrtime": {
      "version": "2.1.1",
      "license": "Apache-2.0"
    },
    "node_modules/bare-http-parser": {
      "version": "1.1.5",
      "license": "Apache-2.0"
    },
    "node_modules/bare-http1": {
      "version": "4.5.7",
      "license": "Apache-2.0",
      "dependencies": {
        "bare-events": "^2.6.0",
        "bare-http-parser": "^1.1.1",
        "bare-stream": "^2.10.0",
        "bare-tcp": "^2.2.0"
      },
      "peerDependencies": {
        "bare-buffer": "*",
        "bare-url": "*"
      },
      "peerDependenciesMeta": {
        "bare-buffer": {
          "optional": true
        },
        "bare-url": {
          "optional": true
        }
      }
    },
    "node_modules/bare-inspect": {
      "version": "3.1.4",
      "license": "Apache-2.0",
      "dependencies": {
        "bare-ansi-escapes": "^2.1.0",
        "bare-type": "^1.0.0"
      },
      "engines": {
        "bare": ">=1.18.0"
      }
    },
    "node_modules/bare-module-resolve": {
      "version": "1.12.1",
      "license": "Apache-2.0",
      "dependencies": {
        "bare-semver": "^1.0.0"
      },
      "peerDependencies": {
        "bare-url": "*"
      },
      "peerDependenciesMeta": {
        "bare-url": {
          "optional": true
        }
      }
    },
    "node_modules/bare-os": {
      "version": "3.8.7",
      "license": "Apache-2.0",
      "engines": {
        "bare": ">=1.14.0"
      }
    },
    "node_modules/bare-path": {
      "version": "3.0.0",
      "license": "Apache-2.0",
      "dependencies": {
        "bare-os": "^3.0.1"
      }
    },
    "node_modules/bare-pipe": {
      "version": "4.2.2",
      "license": "Apache-2.0",
      "dependencies": {
        "bare-events": "^2.0.0",
        "bare-stream": "^2.0.0"
      },
      "engines": {
        "bare": ">=1.16.0"
      }
    },
    "node_modules/bare-readline": {
      "version": "1.3.1",
      "license": "Apache-2.0",
      "dependencies": {
        "bare-ansi-escapes": "^2.0.0",
        "bare-stream": "^2.0.0"
      }
    },
    "node_modules/bare-semver": {
      "version": "1.0.3",
      "license": "Apache-2.0"
    },
    "node_modules/bare-signals": {
      "version": "4.2.0",
      "license": "Apache-2.0",
      "dependencies": {
        "bare-events": "^2.5.3",
        "bare-os": "^3.3.1"
      },
      "engines": {
        "bare": ">=1.7.0"
      }
    },
    "node_modules/bare-stream": {
      "version": "2.13.0",
      "license": "Apache-2.0",
      "dependencies": {
        "streamx": "^2.25.0",
        "teex": "^1.0.1"
      },
      "peerDependencies": {
        "bare-abort-controller": "*",
        "bare-buffer": "*",
        "bare-events": "*"
      },
      "peerDependenciesMeta": {
        "bare-abort-controller": {
          "optional": true
        },
        "bare-buffer": {
          "optional": true
        },
        "bare-events": {
          "optional": true
        }
      }
    },
    "node_modules/bare-subprocess": {
      "version": "5.2.3",
      "license": "Apache-2.0",
      "dependencies": {
        "bare-env": "^3.0.0",
        "bare-events": "^2.5.4",
        "bare-os": "^3.0.1",
        "bare-pipe": "^4.0.0",
        "bare-url": "^2.2.2"
      },
      "engines": {
        "bare": ">=1.7.0"
      },
      "peerDependencies": {
        "bare-buffer": "*"
      },
      "peerDependenciesMeta": {
        "bare-buffer": {
          "optional": true
        }
      }
    },
    "node_modules/bare-tcp": {
      "version": "2.5.1",
      "license": "Apache-2.0",
      "dependencies": {
        "bare-dns": "^2.0.4",
        "bare-events": "^2.5.4",
        "bare-stream": "^2.6.4"
      },
      "engines": {
        "bare": ">=1.16.0"
      },
      "peerDependencies": {
        "bare-pipe": "*"
      },
      "peerDependenciesMeta": {
        "bare-pipe": {
          "optional": true
        }
      }
    },
    "node_modules/bare-tty": {
      "version": "5.1.1",
      "license": "Apache-2.0",
      "dependencies": {
        "bare-events": "^2.2.0",
        "bare-signals": "^4.0.0",
        "bare-stream": "^2.0.0"
      },
      "engines": {
        "bare": ">=1.16.0"
      }
    },
    "node_modules/bare-type": {
      "version": "1.1.0",
      "license": "Apache-2.0",
      "engines": {
        "bare": ">=1.2.0"
      }
    },
    "node_modules/bare-url": {
      "version": "2.4.0",
      "license": "Apache-2.0",
      "dependencies": {
        "bare-path": "^3.0.0"
      }
    },
    "node_modules/big-sparse-array": {
      "version": "1.0.3",
      "license": "MIT"
    },
    "node_modules/binary-stream-equals": {
      "version": "1.0.0",
      "license": "MIT",
      "dependencies": {
        "b4a": "^1.3.1"
      }
    },
    "node_modules/blake2b": {
      "version": "2.1.4",
      "license": "ISC",
      "dependencies": {
        "blake2b-wasm": "^2.4.0",
        "nanoassert": "^2.0.0"
      }
    },
    "node_modules/blake2b-wasm": {
      "version": "2.4.0",
      "license": "MIT",
      "dependencies": {
        "b4a": "^1.0.1",
        "nanoassert": "^2.0.0"
      }
    },
    "node_modules/cjs-module-lexer": {
      "version": "1.4.3",
      "license": "MIT"
    },
    "node_modules/codecs": {
      "version": "3.1.0",
      "license": "MIT",
      "dependencies": {
        "b4a": "^1.6.3"
      }
    },
    "node_modules/compact-encoding": {
      "version": "2.19.2",
      "license": "Apache-2.0",
      "dependencies": {
        "b4a": "^1.3.0"
      }
    },
    "node_modules/corestore": {
      "version": "6.18.4",
      "license": "MIT",
      "dependencies": {
        "b4a": "^1.6.4",
        "hypercore": "^10.37.10",
        "hypercore-crypto": "^3.4.0",
        "hypercore-id-encoding": "^1.2.0",
        "read-write-mutexify": "^2.1.0",
        "ready-resource": "^1.0.0",
        "safety-catch": "^1.0.1",
        "sodium-universal": "^4.0.0",
        "xache": "^1.1.0"
      }
    },
    "node_modules/crc-native": {
      "version": "1.1.8",
      "license": "Apache-2.0",
      "optional": true,
      "dependencies": {
        "require-addon": "^1.1.0"
      }
    },
    "node_modules/crc-universal": {
      "version": "1.0.4",
      "license": "ISC",
      "optionalDependencies": {
        "crc-native": "^1.0.3"
      }
    },
    "node_modules/debounceify": {
      "version": "1.1.0",
      "license": "MIT"
    },
    "node_modules/drive-resolve": {
      "version": "1.3.1",
      "license": "Apache-2.0",
      "dependencies": {
        "b4a": "^1.6.4",
        "bare-module-resolve": "^1.2.5",
        "unix-path-resolve": "^1.0.2"
      }
    },
    "node_modules/events-universal": {
      "version": "1.0.1",
      "license": "Apache-2.0",
      "dependencies": {
        "bare-events": "^2.7.0"
      }
    },
    "node_modules/fast-fifo": {
      "version": "1.3.2",
      "license": "MIT"
    },
    "node_modules/flat-tree": {
      "version": "1.13.0",
      "license": "MIT"
    },
    "node_modules/framed-stream": {
      "version": "1.0.1",
      "license": "MIT",
      "dependencies": {
        "b4a": "^1.6.1",
        "streamx": "^2.13.0"
      }
    },
    "node_modules/fs-native-extensions": {
      "version": "1.5.0",
      "license": "Apache-2.0",
      "dependencies": {
        "require-addon": "^1.1.0",
        "which-runtime": "^1.2.0"
      }
    },
    "node_modules/fs-native-lock": {
      "version": "1.2.0",
      "license": "Apache-2.0",
      "dependencies": {
        "bare-fs": "^4.0.1",
        "bare-path": "^3.0.0",
        "fs-native-extensions": "^1.3.4",
        "resource-on-exit": "^1.0.0"
      }
    },
    "node_modules/get-mime-type": {
      "version": "2.0.2",
      "license": "Apache-2.0"
    },
    "node_modules/hyperbee": {
      "version": "2.27.3",
      "license": "MIT",
      "dependencies": {
        "b4a": "^1.6.0",
        "codecs": "^3.0.0",
        "debounceify": "^1.0.0",
        "hypercore-errors": "^1.0.0",
        "mutexify": "^1.4.0",
        "protocol-buffers-encodings": "^1.2.0",
        "rache": "^1.0.0",
        "ready-resource": "^1.0.0",
        "resolve-reject-promise": "^1.1.0",
        "safety-catch": "^1.0.2",
        "streamx": "^2.12.4",
        "unslab": "^1.2.0"
      }
    },
    "node_modules/hypercore": {
      "version": "10.38.2",
      "license": "MIT",
      "dependencies": {
        "@hyperswarm/secret-stream": "^6.0.0",
        "b4a": "^1.1.0",
        "bare-events": "^2.2.0",
        "big-sparse-array": "^1.0.3",
        "compact-encoding": "^2.11.0",
        "crc-universal": "^1.0.2",
        "fast-fifo": "^1.3.0",
        "flat-tree": "^1.9.0",
        "hypercore-crypto": "^3.2.1",
        "hypercore-errors": "^1.2.0",
        "hypercore-id-encoding": "^1.2.0",
        "is-options": "^1.0.1",
        "protomux": "^3.5.0",
        "quickbit-universal": "^2.2.0",
        "random-access-file": "^4.0.0",
        "random-array-iterator": "^1.0.0",
        "safety-catch": "^1.0.1",
        "sodium-universal": "^4.0.0",
        "streamx": "^2.12.4",
        "unslab": "^1.3.0",
        "xache": "^1.1.0",
        "z32": "^1.0.0"
      }
    },
    "node_modules/hypercore-crypto": {
      "version": "3.6.1",
      "license": "MIT",
      "dependencies": {
        "b4a": "^1.6.6",
        "compact-encoding": "^2.15.0",
        "sodium-universal": "^5.0.0"
      }
    },
    "node_modules/hypercore-crypto/node_modules/sodium-native": {
      "version": "5.1.0",
      "license": "MIT",
      "dependencies": {
        "bare-assert": "^1.2.0",
        "require-addon": "^1.1.0",
        "which-runtime": "^1.2.1"
      },
      "engines": {
        "bare": ">=1.16.0"
      }
    },
    "node_modules/hypercore-crypto/node_modules/sodium-universal": {
      "version": "5.0.1",
      "license": "MIT",
      "dependencies": {
        "sodium-native": "^5.0.1"
      },
      "peerDependencies": {
        "sodium-javascript": "~0.8.0"
      },
      "peerDependenciesMeta": {
        "sodium-javascript": {
          "optional": true
        }
      }
    },
    "node_modules/hypercore-errors": {
      "version": "1.5.0",
      "license": "Apache-2.0",
      "dependencies": {
        "hypercore-id-encoding": "^1.3.0"
      }
    },
    "node_modules/hypercore-id-encoding": {
      "version": "1.3.0",
      "license": "Apache-2.0",
      "dependencies": {
        "b4a": "^1.5.3",
        "z32": "^1.0.0"
      }
    },
    "node_modules/is-options": {
      "version": "1.0.2",
      "license": "MIT",
      "dependencies": {
        "b4a": "^1.1.1"
      }
    },
    "node_modules/is-valid-variable": {
      "version": "1.0.1",
      "license": "MIT"
    },
    "node_modules/listen-async": {
      "version": "1.0.0",
      "license": "Apache-2.0"
    },
    "node_modules/localdrive": {
      "version": "1.12.2",
      "license": "Apache-2.0",
      "dependencies": {
        "b4a": "^1.6.1",
        "bare-fs": "^4.0.1",
        "bare-path": "^3.0.0",
        "mirror-drive": "^1.2.0",
        "mutexify": "^1.4.0",
        "streamx": "^2.12.5",
        "unix-path-resolve": "^1.0.2"
      }
    },
    "node_modules/lodash.sortby": {
      "version": "4.7.0",
      "license": "MIT"
    },
    "node_modules/mirror-drive": {
      "version": "1.14.2",
      "license": "Apache-2.0",
      "dependencies": {
        "bare-events": "^2.8.2",
        "binary-stream-equals": "^1.0.0",
        "rabin-stream": "^2.0.0",
        "same-data": "^1.0.0",
        "speedometer": "^1.1.0",
        "streamx": "^2.22.1",
        "unix-path-resolve": "^1.0.2"
      }
    },
    "node_modules/mutexify": {
      "version": "1.4.0",
      "license": "MIT",
      "dependencies": {
        "queue-tick": "^1.0.0"
      }
    },
    "node_modules/nanoassert": {
      "version": "2.0.0",
      "license": "ISC"
    },
    "node_modules/noise-curve-ed": {
      "version": "2.1.0",
      "license": "ISC",
      "dependencies": {
        "b4a": "^1.1.0",
        "nanoassert": "^2.0.0",
        "sodium-universal": "^5.0.0"
      }
    },
    "node_modules/noise-curve-ed/node_modules/sodium-native": {
      "version": "5.1.0",
      "license": "MIT",
      "dependencies": {
        "bare-assert": "^1.2.0",
        "require-addon": "^1.1.0",
        "which-runtime": "^1.2.1"
      },
      "engines": {
        "bare": ">=1.16.0"
      }
    },
    "node_modules/noise-curve-ed/node_modules/sodium-universal": {
      "version": "5.0.1",
      "license": "MIT",
      "dependencies": {
        "sodium-native": "^5.0.1"
      },
      "peerDependencies": {
        "sodium-javascript": "~0.8.0"
      },
      "peerDependenciesMeta": {
        "sodium-javascript": {
          "optional": true
        }
      }
    },
    "node_modules/noise-handshake": {
      "version": "4.2.0",
      "license": "Apache-2.0",
      "dependencies": {
        "b4a": "^1.1.0",
        "nanoassert": "^2.0.0",
        "sodium-universal": "^5.0.0"
      }
    },
    "node_modules/noise-handshake/node_modules/sodium-native": {
      "version": "5.1.0",
      "license": "MIT",
      "dependencies": {
        "bare-assert": "^1.2.0",
        "require-addon": "^1.1.0",
        "which-runtime": "^1.2.1"
      },
      "engines": {
        "bare": ">=1.16.0"
      }
    },
    "node_modules/noise-handshake/node_modules/sodium-universal": {
      "version": "5.0.1",
      "license": "MIT",
      "dependencies": {
        "sodium-native": "^5.0.1"
      },
      "peerDependencies": {
        "sodium-javascript": "~0.8.0"
      },
      "peerDependenciesMeta": {
        "sodium-javascript": {
          "optional": true
        }
      }
    },
    "node_modules/paparam": {
      "version": "1.10.1",
      "license": "Apache-2.0"
    },
    "node_modules/pear-aliases": {
      "version": "1.0.7",
      "license": "Apache-2.0",
      "dependencies": {
        "hypercore-id-encoding": "^1.3.0"
      }
    },
    "node_modules/pear-api": {
      "version": "1.30.0",
      "license": "Apache-2.0",
      "dependencies": {
        "pear-constants": "^1.0.0",
        "pear-errors": "^1.0.0",
        "pear-gracedown": "^1.0.0",
        "pear-gunk": "^1.0.0",
        "pear-message": "^1.0.0",
        "pear-messages": "^1.0.0",
        "pear-pipe": "^1.0.1",
        "pear-ref": "^1.0.2",
        "pear-run": "^1.0.0",
        "pear-updates": "^1.0.1",
        "pear-wakeups": "^1.0.0"
      }
    },
    "node_modules/pear-appdrive": {
      "version": "1.1.2",
      "license": "Apache-2.0",
      "dependencies": {
        "pear-ipc": "^6.6.1",
        "pear-ref": "^1.0.1",
        "ready-resource": "^1.1.2"
      }
    },
    "node_modules/pear-bridge": {
      "version": "1.2.5",
      "license": "Apache-2.0",
      "dependencies": {
        "bare-http1": "^4.0.2",
        "get-mime-type": "^2.0.0",
        "listen-async": "^1.0.0",
        "pear-appdrive": "^1.0.0",
        "pear-errors": "^1.0.0",
        "pear-gunk": "^1.0.0",
        "pear-stamp": "^1.0.1",
        "ready-resource": "^1.1.1",
        "script-linker": "^2.5.3",
        "sodium-native": "^5.0.9",
        "streamx": "^2.21.1"
      }
    },
    "node_modules/pear-bridge/node_modules/sodium-native": {
      "version": "5.1.0",
      "license": "MIT",
      "dependencies": {
        "bare-assert": "^1.2.0",
        "require-addon": "^1.1.0",
        "which-runtime": "^1.2.1"
      },
      "engines": {
        "bare": ">=1.16.0"
      }
    },
    "node_modules/pear-cmd": {
      "version": "1.0.2",
      "license": "Apache-2.0",
      "dependencies": {
        "paparam": "^1.8.5"
      }
    },
    "node_modules/pear-constants": {
      "version": "1.1.3",
      "license": "Apache-2.0",
      "dependencies": {
        "b4a": "^1.6.7",
        "blake2b": "^2.1.4",
        "pear-aliases": "^1.0.2",
        "pear-rti": "^1.0.1",
        "sodium-native": "^5.0.6",
        "url-file-url": "^1.0.5",
        "which-runtime": "^1.3.0"
      }
    },
    "node_modules/pear-constants/node_modules/sodium-native": {
      "version": "5.1.0",
      "license": "MIT",
      "dependencies": {
        "bare-assert": "^1.2.0",
        "require-addon": "^1.1.0",
        "which-runtime": "^1.2.1"
      },
      "engines": {
        "bare": ">=1.16.0"
      }
    },
    "node_modules/pear-crasher": {
      "version": "1.0.1",
      "license": "Apache-2.0",
      "dependencies": {
        "pear-rti": "^1.0.1"
      }
    },
    "node_modules/pear-electron": {
      "version": "1.7.28",
      "license": "Apache-2.0",
      "dependencies": {
        "bare-env": "^3.0.0",
        "bare-fs": "^4.0.1",
        "bare-os": "^3.4.0",
        "bare-path": "^3.0.0",
        "bare-subprocess": "^5.0.2",
        "compact-encoding": "^2.16.1",
        "localdrive": "^1.12.1",
        "paparam": "^1.6.1",
        "pear-api": "^1.29.1",
        "pear-cmd": "^1.0.0",
        "pear-constants": "^1.0.0",
        "pear-crasher": "^1.0.1",
        "pear-errors": "^1.0.0",
        "pear-gunk": "^1.0.0",
        "pear-ipc": "^6.4.0",
        "pear-link": "^4.1.0",
        "pear-logger": "^1.0.0",
        "pear-pipe": "^1.0.2",
        "pear-run": "^1.0.0",
        "pear-state": "^1.0.2",
        "pear-terminal": "^1.0.0",
        "pear-tryboot": "^1.0.0",
        "script-linker": "^2.5.3",
        "streamx": "^2.20.2",
        "unix-path-resolve": "^1.0.2",
        "url-file-url": "^1.0.4",
        "which-runtime": "^1.2.1"
      }
    },
    "node_modules/pear-errors": {
      "version": "1.0.1",
      "license": "Apache-2.0"
    },
    "node_modules/pear-gracedown": {
      "version": "1.0.3",
      "license": "Apache-2.0",
      "dependencies": {
        "bare-os": "^3.6.1",
        "bare-signals": "^4.0.3",
        "safety-catch": "^1.0.2",
        "url-file-url": "^1.0.5"
      }
    },
    "node_modules/pear-gunk": {
      "version": "1.0.1",
      "license": "Apache-2.0",
      "dependencies": {
        "crc-universal": "^1.0.4",
        "fs-native-extensions": "^1.4.3",
        "quickbit-universal": "^2.2.0",
        "rocksdb-native": "^3.7.5",
        "script-linker": "^2.5.4",
        "sodium-native": "^5.0.8",
        "udx-native": "^1.18.3"
      }
    },
    "node_modules/pear-gunk/node_modules/sodium-native": {
      "version": "5.1.0",
      "license": "MIT",
      "dependencies": {
        "bare-assert": "^1.2.0",
        "require-addon": "^1.1.0",
        "which-runtime": "^1.2.1"
      },
      "engines": {
        "bare": ">=1.16.0"
      }
    },
    "node_modules/pear-ipc": {
      "version": "6.11.0",
      "license": "Apache-2.0",
      "dependencies": {
        "bare-fs": "^4.0.1",
        "bare-os": "^3.2.0",
        "bare-path": "^3.0.0",
        "bare-pipe": "^4.0.5",
        "framed-stream": "^1.0.1",
        "fs-native-extensions": "^1.2.7",
        "fs-native-lock": "^1.1.0",
        "ready-resource": "^1.0.3",
        "streamx": "^2.16.1",
        "tiny-buffer-rpc": "^2.2.0",
        "which-runtime": "^1.2.0"
      }
    },
    "node_modules/pear-link": {
      "version": "4.2.1",
      "license": "Apache-2.0",
      "dependencies": {
        "bare-path": "^3.0.0",
        "hypercore-id-encoding": "^1.2.0",
        "pear-aliases": "^1.0.0",
        "pear-errors": "^1.0.0"
      }
    },
    "node_modules/pear-logger": {
      "version": "1.0.1",
      "license": "Apache-2.0",
      "dependencies": {
        "bare-format": "^1.0.1",
        "bare-hrtime": "^2.0.11",
        "pear-cmd": "^1.0.0",
        "which-runtime": "^1.3.0"
      }
    },
    "node_modules/pear-message": {
      "version": "1.0.0",
      "license": "Apache-2.0",
      "dependencies": {
        "pear-ref": "^1.0.1",
        "sodium-native": "^5.0.6"
      }
    },
    "node_modules/pear-message/node_modules/sodium-native": {
      "version": "5.1.0",
      "license": "MIT",
      "dependencies": {
        "bare-assert": "^1.2.0",
        "require-addon": "^1.1.0",
        "which-runtime": "^1.2.1"
      },
      "engines": {
        "bare": ">=1.16.0"
      }
    },
    "node_modules/pear-messages": {
      "version": "1.0.5",
      "license": "Apache-2.0",
      "dependencies": {
        "b4a": "^1.6.7",
        "pear-ipc": "^6.5.0",
        "pear-ref": "^1.0.1",
        "sodium-native": "^5.0.6"
      }
    },
    "node_modules/pear-messages/node_modules/sodium-native": {
      "version": "5.1.0",
      "license": "MIT",
      "dependencies": {
        "bare-assert": "^1.2.0",
        "require-addon": "^1.1.0",
        "which-runtime": "^1.2.1"
      },
      "engines": {
        "bare": ">=1.16.0"
      }
    },
    "node_modules/pear-opwait": {
      "version": "1.0.0",
      "license": "Apache-2.0",
      "dependencies": {
        "pear-errors": "^1.0.0"
      }
    },
    "node_modules/pear-pipe": {
      "version": "1.0.6",
      "license": "Apache-2.0",
      "dependencies": {
        "bare-fs": "^4.1.6",
        "bare-pipe": "^4.0.6",
        "streamx": "^2.22.1",
        "which-runtime": "^1.3.0"
      }
    },
    "node_modules/pear-ref": {
      "version": "1.0.2",
      "license": "Apache-2.0",
      "dependencies": {
        "bare-events": "^2.6.1"
      }
    },
    "node_modules/pear-rti": {
      "version": "1.0.1",
      "license": "Apache-2.0",
      "dependencies": {
        "bare-path": "^3.0.0"
      }
    },
    "node_modules/pear-run": {
      "version": "1.0.8",
      "license": "Apache-2.0",
      "dependencies": {
        "b4a": "^1.6.7",
        "bare-path": "^3.0.0",
        "bare-subprocess": "^5.1.0",
        "paparam": "^1.8.5",
        "pear-cmd": "^1.0.0",
        "pear-link": "^4.1.0",
        "pear-ref": "^1.0.0",
        "unix-path-resolve": "^1.0.2",
        "url-file-url": "^1.0.5",
        "which-runtime": "^1.3.2"
      }
    },
    "node_modules/pear-stamp": {
      "version": "1.0.2",
      "license": "Apache-2.0",
      "dependencies": {
        "streamx": "^2.22.1"
      }
    },
    "node_modules/pear-state": {
      "version": "1.1.0",
      "license": "Apache-2.0",
      "dependencies": {
        "bare-env": "^3.0.0",
        "bare-fs": "^4.2.0",
        "bare-os": "^3.6.1",
        "bare-path": "^3.0.0",
        "hypercore-crypto": "^3.6.1",
        "hypercore-id-encoding": "^1.3.0",
        "pear-constants": "^1.0.0",
        "pear-link": "^4.1.0",
        "which-runtime": "^1.3.0"
      }
    },
    "node_modules/pear-terminal": {
      "version": "1.2.1",
      "license": "Apache-2.0",
      "dependencies": {
        "bare-events": "^2.6.1",
        "bare-fs": "^4.2.0",
        "bare-readline": "^1.0.9",
        "bare-stream": "^2.7.0",
        "bare-tty": "^5.0.2",
        "hypercore-id-encoding": "^1.3.0",
        "pear-constants": "^1.0.0",
        "pear-errors": "^1.0.1",
        "pear-gracedown": "^1.0.0",
        "pear-opwait": "^1.0.0",
        "streamx": "^2.22.1",
        "tiny-byte-size": "^1.1.0",
        "which-runtime": "^1.3.0"
      }
    },
    "node_modules/pear-tryboot": {
      "version": "1.0.0",
      "license": "Apache-2.0",
      "dependencies": {
        "bare-daemon": "^1.2.1",
        "pear-constants": "^1.0.0"
      }
    },
    "node_modules/pear-updates": {
      "version": "1.1.0",
      "license": "Apache-2.0",
      "dependencies": {
        "pear-messages": "^1.0.0"
      }
    },
    "node_modules/pear-wakeups": {
      "version": "1.0.0",
      "license": "Apache-2.0",
      "dependencies": {
        "pear-messages": "^1.0.0"
      }
    },
    "node_modules/protocol-buffers-encodings": {
      "version": "1.2.0",
      "license": "MIT",
      "dependencies": {
        "b4a": "^1.6.0",
        "signed-varint": "^2.0.1",
        "varint": "5.0.0"
      }
    },
    "node_modules/protomux": {
      "version": "3.10.1",
      "license": "MIT",
      "dependencies": {
        "b4a": "^1.3.1",
        "compact-encoding": "^2.5.1",
        "queue-tick": "^1.0.0",
        "safety-catch": "^1.0.1",
        "unslab": "^1.3.0"
      }
    },
    "node_modules/punycode": {
      "version": "2.3.1",
      "license": "MIT",
      "engines": {
        "node": ">=6"
      }
    },
    "node_modules/queue-tick": {
      "version": "1.0.1",
      "license": "MIT"
    },
    "node_modules/quickbit-native": {
      "version": "2.4.8",
      "license": "Apache-2.0",
      "optional": true,
      "dependencies": {
        "require-addon": "^1.1.0"
      }
    },
    "node_modules/quickbit-universal": {
      "version": "2.2.0",
      "license": "ISC",
      "dependencies": {
        "b4a": "^1.6.0",
        "simdle-universal": "^1.1.0"
      },
      "optionalDependencies": {
        "quickbit-native": "^2.2.0"
      }
    },
    "node_modules/rabin-native": {
      "version": "2.0.0",
      "license": "Apache-2.0",
      "dependencies": {
        "require-addon": "^1.1.0"
      }
    },
    "node_modules/rabin-stream": {
      "version": "2.0.0",
      "license": "Apache-2.0",
      "dependencies": {
        "rabin-native": "^2.0.0",
        "streamx": "^2.23.0"
      }
    },
    "node_modules/rache": {
      "version": "1.0.0",
      "license": "Apache-2.0"
    },
    "node_modules/random-access-file": {
      "version": "4.1.2",
      "license": "MIT",
      "dependencies": {
        "bare-fs": "^4.0.1",
        "bare-path": "^3.0.0",
        "random-access-storage": "^3.0.0"
      },
      "optionalDependencies": {
        "fs-native-extensions": "^1.3.1"
      }
    },
    "node_modules/random-access-storage": {
      "version": "3.0.2",
      "license": "MIT",
      "dependencies": {
        "bare-events": "^2.2.0",
        "queue-tick": "^1.0.0"
      }
    },
    "node_modules/random-array-iterator": {
      "version": "1.0.0",
      "license": "MIT"
    },
    "node_modules/read-write-mutexify": {
      "version": "2.1.0",
      "license": "MIT"
    },
    "node_modules/ready-resource": {
      "version": "1.2.0",
      "license": "MIT",
      "dependencies": {
        "bare-events": "^2.2.0"
      }
    },
    "node_modules/refcounter": {
      "version": "1.0.0",
      "license": "Apache-2.0"
    },
    "node_modules/require-addon": {
      "version": "1.2.0",
      "license": "Apache-2.0",
      "dependencies": {
        "bare-addon-resolve": "^1.3.0"
      },
      "engines": {
        "bare": ">=1.10.0"
      }
    },
    "node_modules/resolve-reject-promise": {
      "version": "1.1.0",
      "license": "MIT"
    },
    "node_modules/resource-on-exit": {
      "version": "1.0.0",
      "license": "Apache-2.0"
    },
    "node_modules/rocksdb-native": {
      "version": "3.16.0",
      "license": "Apache-2.0",
      "dependencies": {
        "compact-encoding": "^3.0.0",
        "ready-resource": "^1.0.0",
        "refcounter": "^1.0.0",
        "require-addon": "^1.0.2",
        "resolve-reject-promise": "^1.1.0",
        "signal-promise": "^1.0.3",
        "streamx": "^2.16.1"
      },
      "engines": {
        "bare": ">=1.16.0"
      }
    },
    "node_modules/rocksdb-native/node_modules/compact-encoding": {
      "version": "3.3.0",
      "license": "Apache-2.0",
      "dependencies": {
        "b4a": "^1.3.0"
      }
    },
    "node_modules/safety-catch": {
      "version": "1.0.3",
      "license": "MIT"
    },
    "node_modules/same-data": {
      "version": "1.0.0",
      "license": "MIT"
    },
    "node_modules/script-linker": {
      "version": "2.5.4",
      "license": "Apache-2.0",
      "dependencies": {
        "acorn": "^8.6.0",
        "b4a": "^1.3.1",
        "cjs-module-lexer": "^1.2.2",
        "drive-resolve": "^1.0.1",
        "es-module-lexer": "^1.6.0",
        "is-valid-variable": "^1.0.0",
        "read-write-mutexify": "^2.0.0",
        "source-map-bare": "^1.0.0",
        "unix-path-resolve": "^1.0.2"
      }
    },
    "node_modules/script-linker/node_modules/es-module-lexer": {
      "version": "1.7.0",
      "license": "MIT"
    },
    "node_modules/signal-promise": {
      "version": "1.0.3",
      "license": "MIT"
    },
    "node_modules/signed-varint": {
      "version": "2.0.1",
      "license": "MIT",
      "dependencies": {
        "varint": "~5.0.0"
      }
    },
    "node_modules/simdle-native": {
      "version": "1.3.9",
      "license": "Apache-2.0",
      "optional": true,
      "dependencies": {
        "b4a": "^1.6.0",
        "require-addon": "^1.1.0"
      }
    },
    "node_modules/simdle-universal": {
      "version": "1.1.2",
      "license": "ISC",
      "dependencies": {
        "b4a": "^1.6.0"
      },
      "optionalDependencies": {
        "simdle-native": "^1.1.1"
      }
    },
    "node_modules/sodium-native": {
      "version": "4.3.3",
      "license": "MIT",
      "dependencies": {
        "require-addon": "^1.1.0"
      }
    },
    "node_modules/sodium-secretstream": {
      "version": "1.2.0",
      "license": "MIT",
      "dependencies": {
        "b4a": "^1.1.1",
        "sodium-universal": "^5.0.0"
      }
    },
    "node_modules/sodium-secretstream/node_modules/sodium-native": {
      "version": "5.1.0",
      "license": "MIT",
      "dependencies": {
        "bare-assert": "^1.2.0",
        "require-addon": "^1.1.0",
        "which-runtime": "^1.2.1"
      },
      "engines": {
        "bare": ">=1.16.0"
      }
    },
    "node_modules/sodium-secretstream/node_modules/sodium-universal": {
      "version": "5.0.1",
      "license": "MIT",
      "dependencies": {
        "sodium-native": "^5.0.1"
      },
      "peerDependencies": {
        "sodium-javascript": "~0.8.0"
      },
      "peerDependenciesMeta": {
        "sodium-javascript": {
          "optional": true
        }
      }
    },
    "node_modules/sodium-universal": {
      "version": "4.0.1",
      "license": "MIT",
      "dependencies": {
        "sodium-native": "^4.0.0"
      },
      "peerDependencies": {
        "sodium-javascript": "~0.8.0"
      },
      "peerDependenciesMeta": {
        "sodium-javascript": {
          "optional": true
        }
      }
    },
    "node_modules/source-map-bare": {
      "version": "1.0.0",
      "license": "BSD-3-Clause",
      "dependencies": {
        "whatwg-url": "^7.0.0"
      },
      "engines": {
        "node": ">= 12"
      }
    },
    "node_modules/speedometer": {
      "version": "1.1.0",
      "license": "MIT"
    },
    "node_modules/streamx": {
      "version": "2.25.0",
      "license": "MIT",
      "dependencies": {
        "events-universal": "^1.0.0",
        "fast-fifo": "^1.3.2",
        "text-decoder": "^1.1.0"
      }
    },
    "node_modules/teex": {
      "version": "1.0.1",
      "license": "MIT",
      "dependencies": {
        "streamx": "^2.12.5"
      }
    },
    "node_modules/text-decoder": {
      "version": "1.2.7",
      "license": "Apache-2.0",
      "dependencies": {
        "b4a": "^1.6.4"
      }
    },
    "node_modules/timeout-refresh": {
      "version": "2.0.1",
      "license": "MIT"
    },
    "node_modules/tiny-buffer-rpc": {
      "version": "2.4.0",
      "license": "Apache-2.0",
      "dependencies": {
        "b4a": "^1.6.3",
        "compact-encoding": "^3.0.0",
        "safety-catch": "^1.0.2",
        "streamx": "^2.13.2"
      }
    },
    "node_modules/tiny-buffer-rpc/node_modules/compact-encoding": {
      "version": "3.3.0",
      "license": "Apache-2.0",
      "dependencies": {
        "b4a": "^1.3.0"
      }
    },
    "node_modules/tiny-byte-size": {
      "version": "1.1.0",
      "license": "MIT"
    },
    "node_modules/tr46": {
      "version": "1.0.1",
      "license": "MIT",
      "dependencies": {
        "punycode": "^2.1.0"
      }
    },
    "node_modules/udx-native": {
      "version": "1.19.2",
      "license": "Apache-2.0",
      "dependencies": {
        "b4a": "^1.5.0",
        "bare-events": "^2.2.0",
        "require-addon": "^1.1.0",
        "streamx": "^2.22.0"
      },
      "engines": {
        "bare": ">=1.17.4"
      }
    },
    "node_modules/unix-path-resolve": {
      "version": "1.0.2",
      "license": "MIT"
    },
    "node_modules/unslab": {
      "version": "1.3.0",
      "license": "Apache-2.0",
      "dependencies": {
        "b4a": "^1.6.6"
      }
    },
    "node_modules/url-file-url": {
      "version": "1.0.5",
      "license": "Apache-2.0",
      "dependencies": {
        "bare-path": "^3.0.0",
        "which-runtime": "^1.2.0"
      }
    },
    "node_modules/varint": {
      "version": "5.0.0",
      "license": "MIT"
    },
    "node_modules/webidl-conversions": {
      "version": "4.0.2",
      "license": "BSD-2-Clause"
    },
    "node_modules/whatwg-url": {
      "version": "7.1.0",
      "license": "MIT",
      "dependencies": {
        "lodash.sortby": "^4.7.0",
        "tr46": "^1.0.1",
        "webidl-conversions": "^4.0.2"
      }
    },
    "node_modules/which-runtime": {
      "version": "1.3.2",
      "license": "Apache-2.0"
    },
    "node_modules/xache": {
      "version": "1.2.1",
      "license": "MIT"
    },
    "node_modules/z32": {
      "version": "1.1.0",
      "license": "MIT",
      "dependencies": {
        "b4a": "^1.5.3"
      }
    }
  }
}
